
Microsoft Visual Studio Solution File, Format Version 12.00
# Visual Studio 15
VisualStudioVersion = 15.0.28307.645
MinimumVisualStudioVersion = 10.0.40219.1
Project("{FAE04EC0-301F-11D3-BF4B-00C04F79EFBC}") = "FizzBuzz.Tests", "FizzBuzz.Tests\FizzBuzz.Tests.csproj", "{904AE6B5-1B14-4938-9ADD-B741AE10ED28}"
EndProject
Project("{FAE04EC0-301F-11D3-BF4B-00C04F79EFBC}") = "FizzBuzz.Common", "FizzBuzz.Common\FizzBuzz.Common.csproj", "{9427CB31-6104-4ADB-B16E-DCB91D902BD7}"
EndProject
Project("{FAE04EC0-301F-11D3-BF4B-00C04F79EFBC}") = "FizzBuzz.Logic", "FizzBuzz.Logic\FizzBuzz.Logic.csproj", "{7E1DD9B2-6B5C-4C99-8A23-E2A8C5311A3B}"
EndProject
Project("{FAE04EC0-301F-11D3-BF4B-00C04F79EFBC}") = "FizzBuzzConsole", "..\FizzBuzzConsole\FizzBuzzConsole\FizzBuzzConsole.csproj", "{90465C08-E729-4C65-9D32-D230B1C14878}"
EndProject
Global
	GlobalSection(SolutionConfigurationPlatforms) = preSolution
		Debug|Any CPU = Debug|Any CPU
		Release|Any CPU = Release|Any CPU
	EndGlobalSection
	GlobalSection(ProjectConfigurationPlatforms) = postSolution
		{904AE6B5-1B14-4938-9ADD-B741AE10ED28}.Debug|Any CPU.ActiveCfg = Debug|Any CPU
		{904AE6B5-1B14-4938-9ADD-B741AE10ED28}.Debug|Any CPU.Build.0 = Debug|Any CPU
		{904AE6B5-1B14-4938-9ADD-B741AE10ED28}.Release|Any CPU.ActiveCfg = Release|Any CPU
		{904AE6B5-1B14-4938-9ADD-B741AE10ED28}.Release|Any CPU.Build.0 = Release|Any CPU
		{9427CB31-6104-4ADB-B16E-DCB91D902BD7}.Debug|Any CPU.ActiveCfg = Debug|Any CPU
		{9427CB31-6104-4ADB-B16E-DCB91D902BD7}.Debug|Any CPU.Build.0 = Debug|Any CPU
		{9427CB31-6104-4ADB-B16E-DCB91D902BD7}.Release|Any CPU.ActiveCfg = Release|Any CPU
		{9427CB31-6104-4ADB-B16E-DCB91D902BD7}.Release|Any CPU.Build.0 = Release|Any CPU
		{7E1DD9B2-6B5C-4C99-8A23-E2A8C5311A3B}.Debug|Any CPU.ActiveCfg = Debug|Any CPU
		{7E1DD9B2-6B5C-4C99-8A23-E2A8C5311A3B}.Debug|Any CPU.Build.0 = Debug|Any CPU
		{7E1DD9B2-6B5C-4C99-8A23-E2A8C5311A3B}.Release|Any CPU.ActiveCfg = Release|Any CPU
		{7E1DD9B2-6B5C-4C99-8A23-E2A8C5311A3B}.Release|Any CPU.Build.0 = Release|Any CPU
		{90465C08-E729-4C65-9D32-D230B1C14878}.Debug|Any CPU.ActiveCfg = Debug|Any CPU
		{90465C08-E729-4C65-9D32-D230B1C14878}.Debug|Any CPU.Build.0 = Debug|Any CPU
		{90465C08-E729-4C65-9D32-D230B1C14878}.Release|Any CPU.ActiveCfg = Release|Any CPU
		{90465C08-E729-4C65-9D32-D230B1C14878}.Release|Any CPU.Build.0 = Release|Any CPU
	EndGlobalSection
	GlobalSection(SolutionProperties) = preSolution
		HideSolutionNode = FALSE
	EndGlobalSection
	GlobalSection(ExtensibilityGlobals) = postSolution
		SolutionGuid = {429388BF-BFE0-4695-B8E4-C21AFE4B12BB}
	EndGlobalSection
EndGlobal
